{
  "version": 4,
  "terraform_version": "1.9.7",
  "serial": 3,
  "lineage": "9e1c4734-1b20-9784-12d4-39547eb710ad",
  "outputs": {
    "cluster_id": {
      "value": "arn:aws:ecs:ap-south-1:905418091795:cluster/medusa-app-cluster",
      "type": "string"
    },
    "service_name": {
      "value": "app-service",
      "type": "string"
    }
  },
  "resources": [
    {
      "mode": "managed",
      "type": "aws_ecs_cluster",
      "name": "medusa_cluster",
      "provider": "provider[\"registry.terraform.io/hashicorp/aws\"]",
      "instances": [
        {
          "schema_version": 0,
          "attributes": {
            "arn": "arn:aws:ecs:ap-south-1:905418091795:cluster/medusa-app-cluster",
            "configuration": [],
            "id": "arn:aws:ecs:ap-south-1:905418091795:cluster/medusa-app-cluster",
            "name": "medusa-app-cluster",
            "service_connect_defaults": [],
            "setting": [
              {
                "name": "containerInsights",
                "value": "disabled"
              }
            ],
            "tags": null,
            "tags_all": {}
          },
          "sensitive_attributes": [],
          "private": "bnVsbA=="
        }
      ]
    }
  ],
  "check_results": null
}
